
Microsoft Visual Studio Solution File, Format Version 12.00
# Visual Studio 15
VisualStudioVersion = 15.0.28010.2036
MinimumVisualStudioVersion = 10.0.40219.1
Project("{FAE04EC0-301F-11D3-BF4B-00C04F79EFBC}") = "CombatLibrary", "CombatLibrary\CombatLibrary.csproj", "{F435D316-B1E9-42E7-A634-75C2C49DD875}"
EndProject
Project("{FAE04EC0-301F-11D3-BF4B-00C04F79EFBC}") = "CombatLibraryTests", "CombatLibraryTests\CombatLibraryTests.csproj", "{802D8975-DC85-49CC-B2B0-DD24A913200E}"
EndProject
Global
	GlobalSection(SolutionConfigurationPlatforms) = preSolution
		Debug|Any CPU = Debug|Any CPU
		Release|Any CPU = Release|Any CPU
	EndGlobalSection
	GlobalSection(ProjectConfigurationPlatforms) = postSolution
		{F435D316-B1E9-42E7-A634-75C2C49DD875}.Debug|Any CPU.ActiveCfg = Debug|Any CPU
		{F435D316-B1E9-42E7-A634-75C2C49DD875}.Debug|Any CPU.Build.0 = Debug|Any CPU
		{F435D316-B1E9-42E7-A634-75C2C49DD875}.Release|Any CPU.ActiveCfg = Release|Any CPU
		{F435D316-B1E9-42E7-A634-75C2C49DD875}.Release|Any CPU.Build.0 = Release|Any CPU
		{802D8975-DC85-49CC-B2B0-DD24A913200E}.Debug|Any CPU.ActiveCfg = Debug|Any CPU
		{802D8975-DC85-49CC-B2B0-DD24A913200E}.Debug|Any CPU.Build.0 = Debug|Any CPU
		{802D8975-DC85-49CC-B2B0-DD24A913200E}.Release|Any CPU.ActiveCfg = Release|Any CPU
		{802D8975-DC85-49CC-B2B0-DD24A913200E}.Release|Any CPU.Build.0 = Release|Any CPU
	EndGlobalSection
	GlobalSection(SolutionProperties) = preSolution
		HideSolutionNode = FALSE
	EndGlobalSection
	GlobalSection(ExtensibilityGlobals) = postSolution
		SolutionGuid = {F4634103-3929-4EF4-886F-B5C7582C3D2B}
	EndGlobalSection
EndGlobal
